{
  "name": "parse-task",
  "version": "1.0.0",
  "lockfileVersion": 3,
  "requires": true,
  "packages": {
    "": {
      "name": "parse-task",
      "version": "1.0.0",
      "dependencies": {
        "@llamaindex/llama-cloud": "^2.0.0"
      }
    },
    "node_modules/@llamaindex/llama-cloud": {
      "version": "2.4.1",
      "resolved": "https://registry.npmjs.org/@llamaindex/llama-cloud/-/llama-cloud-2.4.1.tgz",
      "integrity": "sha512-O2T4BI94ilvHUjZ8vXfZqzUDdaeH2H9s85/UMfOEEmSesKABFL3HRo0vo6A5eQIiQMF7IKgV/CT7fCqOSQ5B8Q==",
      "license": "MIT"
    }
  }
}
