{
  "name": "uptime",
  "version": "1.0.0",
  "lockfileVersion": 3,
  "requires": true,
  "packages": {
    "": {
      "name": "uptime",
      "version": "1.0.0",
      "dependencies": {
        "encore.dev": "^1.57.5"
      }
    },
    "node_modules/encore.dev": {
      "version": "1.57.6",
      "resolved": "https://registry.npmjs.org/encore.dev/-/encore.dev-1.57.6.tgz",
      "integrity": "sha512-fPhvC8OdM7dWH88W88Wh8Lpmb7uafZlUaqExFx2g+lHflrPzWtDSjVYAac7UI4AS/lwn/GV8pnOEZJ5mEoo7Zw==",
      "license": "MPL-2.0",
      "engines": {
        "node": ">=18.0.0"
      }
    }
  }
}
