{
  "name": "myapp",
  "lockfileVersion": 3,
  "requires": true,
  "packages": {
    "": {
      "name": "myapp",
      "dependencies": {
        "encore.dev": "^1.57.5"
      }
    },
    "node_modules/encore.dev": {
      "version": "1.57.5",
      "resolved": "https://registry.npmjs.org/encore.dev/-/encore.dev-1.57.5.tgz",
      "integrity": "sha512-CSA1ZXWXzFbA45gbQB0bf0FAaJ6WZgza9Rlw/dmi9sqbwukd9Ro3VNBP0hd7P6NnMiObzfRk0lV32ogEgBcszg==",
      "license": "MPL-2.0",
      "engines": {
        "node": ">=18.0.0"
      }
    }
  }
}
