{
  "name": "project",
  "lockfileVersion": 3,
  "requires": true,
  "packages": {
    "": {
      "dependencies": {
        "@llamaindex/llama-cloud": "^2.4.1",
        "zod": "^4.4.3"
      }
    },
    "node_modules/@llamaindex/llama-cloud": {
      "version": "2.4.1",
      "resolved": "https://registry.npmjs.org/@llamaindex/llama-cloud/-/llama-cloud-2.4.1.tgz",
      "integrity": "sha512-O2T4BI94ilvHUjZ8vXfZqzUDdaeH2H9s85/UMfOEEmSesKABFL3HRo0vo6A5eQIiQMF7IKgV/CT7fCqOSQ5B8Q==",
      "license": "MIT"
    },
    "node_modules/zod": {
      "version": "4.4.3",
      "resolved": "https://registry.npmjs.org/zod/-/zod-4.4.3.tgz",
      "integrity": "sha512-ytENFjIJFl2UwYglde2jchW2Hwm4GJFLDiSXWdTrJQBIN9Fcyp7n4DhxJEiWNAJMV1/BqWfW/kkg71UDcHJyTQ==",
      "license": "MIT",
      "funding": {
        "url": "https://github.com/sponsors/colinhacks"
      }
    }
  }
}
