{
  "name": "myproject",
  "version": "1.0.0",
  "lockfileVersion": 3,
  "requires": true,
  "packages": {
    "": {
      "name": "myproject",
      "version": "1.0.0",
      "license": "ISC",
      "dependencies": {
        "eventsource": "^4.1.0",
        "pocketbase": "^0.27.0"
      }
    },
    "node_modules/eventsource": {
      "version": "4.1.0",
      "resolved": "https://registry.npmjs.org/eventsource/-/eventsource-4.1.0.tgz",
      "integrity": "sha512-2GuF51iuHX6A9xdTccMTsNb7VO0lHZihApxhvQzJB5A03DvHDd2FQepodbMaztPBmBcE/ox7o2gqaxGhYB9LhQ==",
      "license": "MIT",
      "dependencies": {
        "eventsource-parser": "^3.0.1"
      },
      "engines": {
        "node": ">=20.0.0"
      }
    },
    "node_modules/eventsource-parser": {
      "version": "3.1.0",
      "resolved": "https://registry.npmjs.org/eventsource-parser/-/eventsource-parser-3.1.0.tgz",
      "integrity": "sha512-kJezFj9YFAMLeORyi7aCLxLbD5/qWMQnoMVlVPyHIll7lgRJCc3JVln9Vgl9nwQi0YkMnhdGTMNn7CkRRAptMg==",
      "license": "MIT",
      "engines": {
        "node": ">=18.0.0"
      }
    },
    "node_modules/pocketbase": {
      "version": "0.27.0",
      "resolved": "https://registry.npmjs.org/pocketbase/-/pocketbase-0.27.0.tgz",
      "integrity": "sha512-K5N6d93UP/BNMbMnlZ6BUfy9VPCIvLyqhJFOsNI8OsZwzvKWEAfyD36boi5K4ECIOl5HMlo0TzuaeGdKpMwizQ==",
      "license": "MIT"
    }
  }
}
