{
  "name": "trpc-v11-test",
  "version": "1.0.0",
  "lockfileVersion": 3,
  "requires": true,
  "packages": {
    "": {
      "name": "trpc-v11-test",
      "version": "1.0.0",
      "dependencies": {
        "@trpc/client": "next",
        "@trpc/server": "next",
        "eventsource": "^2.0.2",
        "zod": "^3.22.4"
      }
    },
    "node_modules/@trpc/client": {
      "version": "11.13.0",
      "resolved": "https://registry.npmjs.org/@trpc/client/-/client-11.13.0.tgz",
      "integrity": "sha512-Tszb0RXGxZQ0OzoH4IGqai/Es1u1RNnvuCr6cbOoJUKyROlF6zeUvQlJvKeldZ+XZ+bGWCnIdfcdA6XDDDNsKQ==",
      "funding": [
        "https://trpc.io/sponsor"
      ],
      "license": "MIT",
      "peerDependencies": {
        "@trpc/server": "11.13.0",
        "typescript": ">=5.7.2"
      }
    },
    "node_modules/@trpc/server": {
      "version": "11.13.0",
      "resolved": "https://registry.npmjs.org/@trpc/server/-/server-11.13.0.tgz",
      "integrity": "sha512-Iv3tWeFdb9d1UQwCPFtOcf63mF/6HD0FRDnzLmFIKWDBfKUvHUfU3yNr2pYiGs0Ctljc991Wh8xbuyAPRkdqyA==",
      "funding": [
        "https://trpc.io/sponsor"
      ],
      "license": "MIT",
      "peerDependencies": {
        "typescript": ">=5.7.2"
      }
    },
    "node_modules/eventsource": {
      "version": "2.0.2",
      "resolved": "https://registry.npmjs.org/eventsource/-/eventsource-2.0.2.tgz",
      "integrity": "sha512-IzUmBGPR3+oUG9dUeXynyNmf91/3zUSJg1lCktzKw47OXuhco54U3r9B7O4XX+Rb1Itm9OZ2b0RkTs10bICOxA==",
      "license": "MIT",
      "engines": {
        "node": ">=12.0.0"
      }
    },
    "node_modules/typescript": {
      "version": "6.0.3",
      "resolved": "https://registry.npmjs.org/typescript/-/typescript-6.0.3.tgz",
      "integrity": "sha512-y2TvuxSZPDyQakkFRPZHKFm+KKVqIisdg9/CZwm9ftvKXLP8NRWj38/ODjNbr43SsoXqNuAisEf1GdCxqWcdBw==",
      "license": "Apache-2.0",
      "peer": true,
      "bin": {
        "tsc": "bin/tsc",
        "tsserver": "bin/tsserver"
      },
      "engines": {
        "node": ">=14.17"
      }
    },
    "node_modules/zod": {
      "version": "3.25.76",
      "resolved": "https://registry.npmjs.org/zod/-/zod-3.25.76.tgz",
      "integrity": "sha512-gzUt/qt81nXsFGKIFcC3YnfEAx5NkunCfnDlvuBSSFS02bcXu4Lmea0AFIUwbLWxWPx3d9p8S5QoaujKcNQxcQ==",
      "license": "MIT",
      "funding": {
        "url": "https://github.com/sponsors/colinhacks"
      }
    }
  }
}
